
Microsoft Visual Studio Solution File, Format Version 11.00
# Visual Studio 2010
Project("{F184B08F-C81C-45F6-A57F-5ABD9991F28F}") = "ADDITION OF TWO NUMBERS", "ADDITION OF TWO NUMBERS\ADDITION OF TWO NUMBERS.vbproj", "{99590850-F27E-4719-9257-4E4B04B1E55E}"
EndProject
Global
	GlobalSection(SolutionConfigurationPlatforms) = preSolution
		Debug|x86 = Debug|x86
		Release|x86 = Release|x86
	EndGlobalSection
	GlobalSection(ProjectConfigurationPlatforms) = postSolution
		{99590850-F27E-4719-9257-4E4B04B1E55E}.Debug|x86.ActiveCfg = Debug|x86
		{99590850-F27E-4719-9257-4E4B04B1E55E}.Debug|x86.Build.0 = Debug|x86
		{99590850-F27E-4719-9257-4E4B04B1E55E}.Release|x86.ActiveCfg = Release|x86
		{99590850-F27E-4719-9257-4E4B04B1E55E}.Release|x86.Build.0 = Release|x86
	EndGlobalSection
	GlobalSection(SolutionProperties) = preSolution
		HideSolutionNode = FALSE
	EndGlobalSection
EndGlobal
